
Microsoft Visual Studio Solution File, Format Version 12.00
# Visual Studio Version 16
VisualStudioVersion = 16.0.30907.101
MinimumVisualStudioVersion = 10.0.40219.1
Project("{FAE04EC0-301F-11D3-BF4B-00C04F79EFBC}") = "Task1", "Task1\Task1.csproj", "{579D1F68-FFF0-4CBF-B051-E700050C5C7A}"
EndProject
Global
	GlobalSection(SolutionConfigurationPlatforms) = preSolution
		Debug|Any CPU = Debug|Any CPU
		Release|Any CPU = Release|Any CPU
	EndGlobalSection
	GlobalSection(ProjectConfigurationPlatforms) = postSolution
		{579D1F68-FFF0-4CBF-B051-E700050C5C7A}.Debug|Any CPU.ActiveCfg = Debug|Any CPU
		{579D1F68-FFF0-4CBF-B051-E700050C5C7A}.Debug|Any CPU.Build.0 = Debug|Any CPU
		{579D1F68-FFF0-4CBF-B051-E700050C5C7A}.Release|Any CPU.ActiveCfg = Release|Any CPU
		{579D1F68-FFF0-4CBF-B051-E700050C5C7A}.Release|Any CPU.Build.0 = Release|Any CPU
	EndGlobalSection
	GlobalSection(SolutionProperties) = preSolution
		HideSolutionNode = FALSE
	EndGlobalSection
	GlobalSection(ExtensibilityGlobals) = postSolution
		SolutionGuid = {0F2AE4E6-81DF-4B89-AE0C-C81B0912BE1D}
	EndGlobalSection
EndGlobal
